
Microsoft Visual Studio Solution File, Format Version 12.00
# Visual Studio Version 17
VisualStudioVersion = 17.3.32901.215
MinimumVisualStudioVersion = 10.0.40219.1
Project("{FAE04EC0-301F-11D3-BF4B-00C04F79EFBC}") = "OOPTemelKavramlar", "OOPTemelKavramlar\OOPTemelKavramlar.csproj", "{9AA0D66A-CE1E-4379-946E-DF70224FCA24}"
EndProject
Project("{FAE04EC0-301F-11D3-BF4B-00C04F79EFBC}") = "Constructor", "Constructor\Constructor.csproj", "{9262242C-B3D5-405E-96DB-BB101D8410C1}"
EndProject
Project("{FAE04EC0-301F-11D3-BF4B-00C04F79EFBC}") = "Encupsulation", "Encupsulation\Encupsulation.csproj", "{E7591A23-C2DA-4E0E-A4F2-4DB8EEE2B910}"
EndProject
Project("{FAE04EC0-301F-11D3-BF4B-00C04F79EFBC}") = "InheritanceAndPolymorphizm", "InheritanceAndPolymorphizm\InheritanceAndPolymorphizm.csproj", "{1E0F06CC-8ED4-4452-AEA4-8E1091B498C7}"
EndProject
Project("{FAE04EC0-301F-11D3-BF4B-00C04F79EFBC}") = "Abstraction", "Abstraction\Abstraction.csproj", "{4789F051-A4E8-4F3C-8315-F296CB99F931}"
EndProject
Project("{FAE04EC0-301F-11D3-BF4B-00C04F79EFBC}") = "Interface", "Interface\Interface.csproj", "{74DEC0E8-DEE1-43AF-9282-01564C1B323E}"
EndProject
Global
	GlobalSection(SolutionConfigurationPlatforms) = preSolution
		Debug|Any CPU = Debug|Any CPU
		Release|Any CPU = Release|Any CPU
	EndGlobalSection
	GlobalSection(ProjectConfigurationPlatforms) = postSolution
		{9AA0D66A-CE1E-4379-946E-DF70224FCA24}.Debug|Any CPU.ActiveCfg = Debug|Any CPU
		{9AA0D66A-CE1E-4379-946E-DF70224FCA24}.Debug|Any CPU.Build.0 = Debug|Any CPU
		{9AA0D66A-CE1E-4379-946E-DF70224FCA24}.Release|Any CPU.ActiveCfg = Release|Any CPU
		{9AA0D66A-CE1E-4379-946E-DF70224FCA24}.Release|Any CPU.Build.0 = Release|Any CPU
		{9262242C-B3D5-405E-96DB-BB101D8410C1}.Debug|Any CPU.ActiveCfg = Debug|Any CPU
		{9262242C-B3D5-405E-96DB-BB101D8410C1}.Debug|Any CPU.Build.0 = Debug|Any CPU
		{9262242C-B3D5-405E-96DB-BB101D8410C1}.Release|Any CPU.ActiveCfg = Release|Any CPU
		{9262242C-B3D5-405E-96DB-BB101D8410C1}.Release|Any CPU.Build.0 = Release|Any CPU
		{E7591A23-C2DA-4E0E-A4F2-4DB8EEE2B910}.Debug|Any CPU.ActiveCfg = Debug|Any CPU
		{E7591A23-C2DA-4E0E-A4F2-4DB8EEE2B910}.Debug|Any CPU.Build.0 = Debug|Any CPU
		{E7591A23-C2DA-4E0E-A4F2-4DB8EEE2B910}.Release|Any CPU.ActiveCfg = Release|Any CPU
		{E7591A23-C2DA-4E0E-A4F2-4DB8EEE2B910}.Release|Any CPU.Build.0 = Release|Any CPU
		{1E0F06CC-8ED4-4452-AEA4-8E1091B498C7}.Debug|Any CPU.ActiveCfg = Debug|Any CPU
		{1E0F06CC-8ED4-4452-AEA4-8E1091B498C7}.Debug|Any CPU.Build.0 = Debug|Any CPU
		{1E0F06CC-8ED4-4452-AEA4-8E1091B498C7}.Release|Any CPU.ActiveCfg = Release|Any CPU
		{1E0F06CC-8ED4-4452-AEA4-8E1091B498C7}.Release|Any CPU.Build.0 = Release|Any CPU
		{4789F051-A4E8-4F3C-8315-F296CB99F931}.Debug|Any CPU.ActiveCfg = Debug|Any CPU
		{4789F051-A4E8-4F3C-8315-F296CB99F931}.Debug|Any CPU.Build.0 = Debug|Any CPU
		{4789F051-A4E8-4F3C-8315-F296CB99F931}.Release|Any CPU.ActiveCfg = Release|Any CPU
		{4789F051-A4E8-4F3C-8315-F296CB99F931}.Release|Any CPU.Build.0 = Release|Any CPU
		{74DEC0E8-DEE1-43AF-9282-01564C1B323E}.Debug|Any CPU.ActiveCfg = Debug|Any CPU
		{74DEC0E8-DEE1-43AF-9282-01564C1B323E}.Debug|Any CPU.Build.0 = Debug|Any CPU
		{74DEC0E8-DEE1-43AF-9282-01564C1B323E}.Release|Any CPU.ActiveCfg = Release|Any CPU
		{74DEC0E8-DEE1-43AF-9282-01564C1B323E}.Release|Any CPU.Build.0 = Release|Any CPU
	EndGlobalSection
	GlobalSection(SolutionProperties) = preSolution
		HideSolutionNode = FALSE
	EndGlobalSection
	GlobalSection(ExtensibilityGlobals) = postSolution
		SolutionGuid = {62865C6E-34F3-4F45-9C73-1BDDEF289431}
	EndGlobalSection
EndGlobal
